
Microsoft Visual Studio Solution File, Format Version 12.00
# Visual Studio Version 16
VisualStudioVersion = 16.0.30011.22
MinimumVisualStudioVersion = 10.0.40219.1
Project("{2150E333-8FDC-42A3-9474-1A3956D46DE8}") = "Solution Items", "Solution Items", "{1464C5EF-06A7-45E9-948E-AF7F17D5C397}"
	ProjectSection(SolutionItems) = preProject
		.editorconfig = .editorconfig
		.gitignore = .gitignore
		.gitmodules = .gitmodules
		LICENSE = LICENSE
		README.md = README.md
	EndProjectSection
EndProject
Project("{FAE04EC0-301F-11D3-BF4B-00C04F79EFBC}") = "Winook.Desktop.Test", "test\Winook.Desktop.Test\Winook.Desktop.Test.csproj", "{BFE61D8C-E947-4F75-98E2-17A276F72175}"
EndProject
Project("{8BC9CEB8-8B4A-11D0-8D11-00A0C91BC942}") = "Winook.Lib", "src\Winook.Lib\Winook.Lib.vcxproj", "{5FB052A8-82FA-46E9-A9DF-078BF725A548}"
EndProject
Project("{8BC9CEB8-8B4A-11D0-8D11-00A0C91BC942}") = "Winook.Lib.Host", "src\Winook.Lib.Host\Winook.Lib.Host.vcxproj", "{69306344-BD77-4AF6-8890-BF001D8EA7EE}"
EndProject
Project("{FAE04EC0-301F-11D3-BF4B-00C04F79EFBC}") = "Winook", "src\Winook\Winook.csproj", "{E5984E13-442B-4833-AF21-A704B67A99AB}"
EndProject
Project("{9A19103F-16F7-4668-BE54-9A1E7A4F7556}") = "Winook.Core", "src\Winook.Core\Winook.Core.csproj", "{800700A9-E0BD-47DD-9095-318E2F4C7ADA}"
EndProject
Project("{FAE04EC0-301F-11D3-BF4B-00C04F79EFBC}") = "Winook.Desktop.Core.Test", "test\Winook.Desktop.Core.Test\Winook.Desktop.Core.Test.csproj", "{26BEFC8F-B812-4637-95DE-1AF365DAEBD5}"
EndProject
Global
	GlobalSection(SolutionConfigurationPlatforms) = preSolution
		Debug|Any CPU = Debug|Any CPU
		Debug|x64 = Debug|x64
		Debug|x86 = Debug|x86
		Release|Any CPU = Release|Any CPU
		Release|x64 = Release|x64
		Release|x86 = Release|x86
	EndGlobalSection
	GlobalSection(ProjectConfigurationPlatforms) = postSolution
		{BFE61D8C-E947-4F75-98E2-17A276F72175}.Debug|Any CPU.ActiveCfg = Debug|Any CPU
		{BFE61D8C-E947-4F75-98E2-17A276F72175}.Debug|Any CPU.Build.0 = Debug|Any CPU
		{BFE61D8C-E947-4F75-98E2-17A276F72175}.Debug|x64.ActiveCfg = Debug|Any CPU
		{BFE61D8C-E947-4F75-98E2-17A276F72175}.Debug|x64.Build.0 = Debug|Any CPU
		{BFE61D8C-E947-4F75-98E2-17A276F72175}.Debug|x86.ActiveCfg = Debug|Any CPU
		{BFE61D8C-E947-4F75-98E2-17A276F72175}.Debug|x86.Build.0 = Debug|Any CPU
		{BFE61D8C-E947-4F75-98E2-17A276F72175}.Release|Any CPU.ActiveCfg = Release|Any CPU
		{BFE61D8C-E947-4F75-98E2-17A276F72175}.Release|Any CPU.Build.0 = Release|Any CPU
		{BFE61D8C-E947-4F75-98E2-17A276F72175}.Release|x64.ActiveCfg = Release|Any CPU
		{BFE61D8C-E947-4F75-98E2-17A276F72175}.Release|x64.Build.0 = Release|Any CPU
		{BFE61D8C-E947-4F75-98E2-17A276F72175}.Release|x86.ActiveCfg = Release|Any CPU
		{BFE61D8C-E947-4F75-98E2-17A276F72175}.Release|x86.Build.0 = Release|Any CPU
		{5FB052A8-82FA-46E9-A9DF-078BF725A548}.Debug|Any CPU.ActiveCfg = Debug|Win32
		{5FB052A8-82FA-46E9-A9DF-078BF725A548}.Debug|x64.ActiveCfg = Debug|x64
		{5FB052A8-82FA-46E9-A9DF-078BF725A548}.Debug|x64.Build.0 = Debug|x64
		{5FB052A8-82FA-46E9-A9DF-078BF725A548}.Debug|x86.ActiveCfg = Debug|Win32
		{5FB052A8-82FA-46E9-A9DF-078BF725A548}.Debug|x86.Build.0 = Debug|Win32
		{5FB052A8-82FA-46E9-A9DF-078BF725A548}.Release|Any CPU.ActiveCfg = Release|Win32
		{5FB052A8-82FA-46E9-A9DF-078BF725A548}.Release|x64.ActiveCfg = Release|x64
		{5FB052A8-82FA-46E9-A9DF-078BF725A548}.Release|x64.Build.0 = Release|x64
		{5FB052A8-82FA-46E9-A9DF-078BF725A548}.Release|x86.ActiveCfg = Release|Win32
		{5FB052A8-82FA-46E9-A9DF-078BF725A548}.Release|x86.Build.0 = Release|Win32
		{69306344-BD77-4AF6-8890-BF001D8EA7EE}.Debug|Any CPU.ActiveCfg = Debug|Win32
		{69306344-BD77-4AF6-8890-BF001D8EA7EE}.Debug|x64.ActiveCfg = Debug|x64
		{69306344-BD77-4AF6-8890-BF001D8EA7EE}.Debug|x64.Build.0 = Debug|x64
		{69306344-BD77-4AF6-8890-BF001D8EA7EE}.Debug|x86.ActiveCfg = Debug|Win32
		{69306344-BD77-4AF6-8890-BF001D8EA7EE}.Debug|x86.Build.0 = Debug|Win32
		{69306344-BD77-4AF6-8890-BF001D8EA7EE}.Release|Any CPU.ActiveCfg = Release|Win32
		{69306344-BD77-4AF6-8890-BF001D8EA7EE}.Release|x64.ActiveCfg = Release|x64
		{69306344-BD77-4AF6-8890-BF001D8EA7EE}.Release|x64.Build.0 = Release|x64
		{69306344-BD77-4AF6-8890-BF001D8EA7EE}.Release|x86.ActiveCfg = Release|Win32
		{69306344-BD77-4AF6-8890-BF001D8EA7EE}.Release|x86.Build.0 = Release|Win32
		{E5984E13-442B-4833-AF21-A704B67A99AB}.Debug|Any CPU.ActiveCfg = Debug|Any CPU
		{E5984E13-442B-4833-AF21-A704B67A99AB}.Debug|Any CPU.Build.0 = Debug|Any CPU
		{E5984E13-442B-4833-AF21-A704B67A99AB}.Debug|x64.ActiveCfg = Debug|Any CPU
		{E5984E13-442B-4833-AF21-A704B67A99AB}.Debug|x64.Build.0 = Debug|Any CPU
		{E5984E13-442B-4833-AF21-A704B67A99AB}.Debug|x86.ActiveCfg = Debug|Any CPU
		{E5984E13-442B-4833-AF21-A704B67A99AB}.Debug|x86.Build.0 = Debug|Any CPU
		{E5984E13-442B-4833-AF21-A704B67A99AB}.Release|Any CPU.ActiveCfg = Release|Any CPU
		{E5984E13-442B-4833-AF21-A704B67A99AB}.Release|Any CPU.Build.0 = Release|Any CPU
		{E5984E13-442B-4833-AF21-A704B67A99AB}.Release|x64.ActiveCfg = Release|Any CPU
		{E5984E13-442B-4833-AF21-A704B67A99AB}.Release|x64.Build.0 = Release|Any CPU
		{E5984E13-442B-4833-AF21-A704B67A99AB}.Release|x86.ActiveCfg = Release|Any CPU
		{E5984E13-442B-4833-AF21-A704B67A99AB}.Release|x86.Build.0 = Release|Any CPU
		{800700A9-E0BD-47DD-9095-318E2F4C7ADA}.Debug|Any CPU.ActiveCfg = Debug|Any CPU
		{800700A9-E0BD-47DD-9095-318E2F4C7ADA}.Debug|Any CPU.Build.0 = Debug|Any CPU
		{800700A9-E0BD-47DD-9095-318E2F4C7ADA}.Debug|x64.ActiveCfg = Debug|Any CPU
		{800700A9-E0BD-47DD-9095-318E2F4C7ADA}.Debug|x64.Build.0 = Debug|Any CPU
		{800700A9-E0BD-47DD-9095-318E2F4C7ADA}.Debug|x86.ActiveCfg = Debug|Any CPU
		{800700A9-E0BD-47DD-9095-318E2F4C7ADA}.Debug|x86.Build.0 = Debug|Any CPU
		{800700A9-E0BD-47DD-9095-318E2F4C7ADA}.Release|Any CPU.ActiveCfg = Release|Any CPU
		{800700A9-E0BD-47DD-9095-318E2F4C7ADA}.Release|Any CPU.Build.0 = Release|Any CPU
		{800700A9-E0BD-47DD-9095-318E2F4C7ADA}.Release|x64.ActiveCfg = Release|Any CPU
		{800700A9-E0BD-47DD-9095-318E2F4C7ADA}.Release|x64.Build.0 = Release|Any CPU
		{800700A9-E0BD-47DD-9095-318E2F4C7ADA}.Release|x86.ActiveCfg = Release|Any CPU
		{800700A9-E0BD-47DD-9095-318E2F4C7ADA}.Release|x86.Build.0 = Release|Any CPU
		{26BEFC8F-B812-4637-95DE-1AF365DAEBD5}.Debug|Any CPU.ActiveCfg = Debug|Any CPU
		{26BEFC8F-B812-4637-95DE-1AF365DAEBD5}.Debug|Any CPU.Build.0 = Debug|Any CPU
		{26BEFC8F-B812-4637-95DE-1AF365DAEBD5}.Debug|x64.ActiveCfg = Debug|Any CPU
		{26BEFC8F-B812-4637-95DE-1AF365DAEBD5}.Debug|x64.Build.0 = Debug|Any CPU
		{26BEFC8F-B812-4637-95DE-1AF365DAEBD5}.Debug|x86.ActiveCfg = Debug|Any CPU
		{26BEFC8F-B812-4637-95DE-1AF365DAEBD5}.Debug|x86.Build.0 = Debug|Any CPU
		{26BEFC8F-B812-4637-95DE-1AF365DAEBD5}.Release|Any CPU.ActiveCfg = Release|Any CPU
		{26BEFC8F-B812-4637-95DE-1AF365DAEBD5}.Release|Any CPU.Build.0 = Release|Any CPU
		{26BEFC8F-B812-4637-95DE-1AF365DAEBD5}.Release|x64.ActiveCfg = Release|Any CPU
		{26BEFC8F-B812-4637-95DE-1AF365DAEBD5}.Release|x64.Build.0 = Release|Any CPU
		{26BEFC8F-B812-4637-95DE-1AF365DAEBD5}.Release|x86.ActiveCfg = Release|Any CPU
		{26BEFC8F-B812-4637-95DE-1AF365DAEBD5}.Release|x86.Build.0 = Release|Any CPU
	EndGlobalSection
	GlobalSection(SolutionProperties) = preSolution
		HideSolutionNode = FALSE
	EndGlobalSection
	GlobalSection(ExtensibilityGlobals) = postSolution
		SolutionGuid = {40FB57A0-76CF-4B66-ACBA-6B945B119F11}
	EndGlobalSection
EndGlobal
